# This file is autogenerated, do not edit; changes may be undone by the next 'dep ensure'.


[[projects]]
  digest = "1:0f98f59e9a2f4070d66f0c9c39561f68fcd1dc837b22a852d28d0003aebd1b1e"
  name = "github.com/boltdb/bolt"
  packages = ["."]
  pruneopts = "UT"
  revision = "2f1ce7a837dcb8da3ec595b1dac9d0632f0f99e8"
  version = "v1.3.1"

[[projects]]
  digest = "1:ffe9824d294da03b391f44e1ae8281281b4afc1bdaa9588c9097785e3af10cec"
  name = "github.com/davecgh/go-spew"
  packages = ["spew"]
  pruneopts = "UT"
  revision = "8991bc29aa16c548c550c7ff78260e27b9ab7c73"
  version = "v1.1.1"

[[projects]]
  digest = "1:e921c3d4324ffdcb4fd39d5f47a832f2112d44731a5f21d8ae0ccfe82e608711"
  name = "github.com/daviddengcn/go-colortext"
  packages = ["."]
  pruneopts = "UT"
  revision = "17e75f6184bc9e727756cd0d82e0af58b1fc7191"
  version = "1.0.0"

[[projects]]
  branch = "master"
  digest = "1:497a35752d531a5caf1e86820d76b8c60fdd61e2fc1e311b9f5f59e97aa4bbc1"
  name = "github.com/lxn/walk"
  packages = [
    ".",
    "declarative",
  ]
  pruneopts = "UT"
  revision = "1afcf534b52d51572124f079c8fb53b6d5601b0e"

[[projects]]
  branch = "master"
  digest = "1:256554af8321e28c57fab65ec53c3497d6e5d03c8b9eab1530875530030b68ef"
  name = "github.com/lxn/win"
  packages = ["."]
  pruneopts = "UT"
  revision = "785c4956069227e430929ac27bfa26af2ff25dfb"

[[projects]]
  digest = "1:0028cb19b2e4c3112225cd871870f2d9cf49b9b4276531f03438a88e94be86fe"
  name = "github.com/pmezard/go-difflib"
  packages = ["difflib"]
  pruneopts = "UT"
  revision = "792786c7400a136282c1664665ae0a8db921c6c2"
  version = "v1.0.0"

[[projects]]
  branch = "master"
  digest = "1:298d47ee7c0242a63b416145017ed990169ea5a4db2b5de875a9c3cc705da774"
  name = "github.com/prataprc/goparsec"
  packages = ["."]
  pruneopts = "UT"
  revision = "2600a2a4a41082acd76ad5c952a5405726c6207a"

[[projects]]
  digest = "1:18752d0b95816a1b777505a97f71c7467a8445b8ffb55631a7bf779f6ba4fa83"
  name = "github.com/stretchr/testify"
  packages = ["assert"]
  pruneopts = "UT"
  revision = "f35b8ab0b5a2cef36673838d662e249dd9c94686"
  version = "v1.2.2"

[[projects]]
  branch = "master"
  digest = "1:b9b666a56e920eaa59ffea0d25a9b848d7073be13689c4a29d04e4a0f548a031"
  name = "github.com/tarm/serial"
  packages = ["."]
  pruneopts = "UT"
  revision = "eaafced92e9619f03c72527efeab21e326f3bc36"

[[projects]]
  branch = "master"
  digest = "1:a3f00ac457c955fe86a41e1495e8f4c54cb5399d609374c5cc26aa7d72e542c8"
  name = "golang.org/x/sys"
  packages = ["unix"]
  pruneopts = "UT"
  revision = "3b58ed4ad3395d483fc92d5d14123ce2c3581fec"

[[projects]]
  digest = "1:e2e7f5211c3327ff52e02773e4fd477842b2fed07ead33ec342970de162610ac"
  name = "golang.org/x/text"
  packages = [
    "encoding",
    "encoding/charmap",
    "encoding/internal",
    "encoding/internal/identifier",
    "internal/gen",
    "transform",
    "unicode/cldr",
  ]
  pruneopts = "UT"
  revision = "f21a4dfb5e38f5895301dc265a8def02365cc3d0"
  version = "v0.3.0"

[[projects]]
  digest = "1:5d3e23515e7916c152cc665eda0f7eaf6fdf8fdfe7c3dbac97049bcbd649b33f"
  name = "gopkg.in/Knetic/govaluate.v3"
  packages = ["."]
  pruneopts = "UT"
  revision = "d216395917cc49052c7c7094cf57f09657ca08a8"
  version = "v3.0.0"

[solve-meta]
  analyzer-name = "dep"
  analyzer-version = 1
  input-imports = [
    "github.com/boltdb/bolt",
    "github.com/daviddengcn/go-colortext",
    "github.com/lxn/walk",
    "github.com/lxn/walk/declarative",
    "github.com/lxn/win",
    "github.com/prataprc/goparsec",
    "github.com/stretchr/testify/assert",
    "github.com/tarm/serial",
    "golang.org/x/text/encoding/charmap",
    "golang.org/x/text/transform",
  ]
  solver-name = "gps-cdcl"
  solver-version = 1
